
Microsoft Visual Studio Solution File, Format Version 12.00
# Visual Studio Version 16
VisualStudioVersion = 16.0.29509.3
MinimumVisualStudioVersion = 10.0.40219.1
Project("{FAE04EC0-301F-11D3-BF4B-00C04F79EFBC}") = "AdvertApi", "AdvertApi.csproj", "{BD3BB362-3736-4AC2-A338-D819CB660588}"
EndProject
Global
	GlobalSection(SolutionConfigurationPlatforms) = preSolution
		Debug|Any CPU = Debug|Any CPU
		Release|Any CPU = Release|Any CPU
	EndGlobalSection
	GlobalSection(ProjectConfigurationPlatforms) = postSolution
		{BD3BB362-3736-4AC2-A338-D819CB660588}.Debug|Any CPU.ActiveCfg = Debug|Any CPU
		{BD3BB362-3736-4AC2-A338-D819CB660588}.Debug|Any CPU.Build.0 = Debug|Any CPU
		{BD3BB362-3736-4AC2-A338-D819CB660588}.Release|Any CPU.ActiveCfg = Release|Any CPU
		{BD3BB362-3736-4AC2-A338-D819CB660588}.Release|Any CPU.Build.0 = Release|Any CPU
	EndGlobalSection
	GlobalSection(SolutionProperties) = preSolution
		HideSolutionNode = FALSE
	EndGlobalSection
	GlobalSection(ExtensibilityGlobals) = postSolution
		SolutionGuid = {D66ABCF6-4DA9-4123-B10F-5AF42839D139}
	EndGlobalSection
EndGlobal
